// !$*UTF8*$!
{
	archiveVersion = 1;
	classes = {
	};
	objectVersion = 50;
	objects = {

/* Begin PBXBuildFile section */
		64DEA8A221699213008EEA92 /* ComposeViewController.swift in Sources */ = {isa = PBXBuildFile; fileRef = 64DEA8A121699212008EEA92 /* ComposeViewController.swift */; };
		64DEA8A42169AD83008EEA92 /* PhotoMapViewController.swift in Sources */ = {isa = PBXBuildFile; fileRef = 64DEA8A32169AD83008EEA92 /* PhotoMapViewController.swift */; };
		64DEA8A82169C58A008EEA92 /* Post.swift in Sources */ = {isa = PBXBuildFile; fileRef = 64DEA8A72169C58A008EEA92 /* Post.swift */; };
		64F2023721629F7C00777CC6 /* AppDelegate.swift in Sources */ = {isa = PBXBuildFile; fileRef = 64F2023621629F7C00777CC6 /* AppDelegate.swift */; };
		64F2023921629F7C00777CC6 /* HomeFeedViewController.swift in Sources */ = {isa = PBXBuildFile; fileRef = 64F2023821629F7C00777CC6 /* HomeFeedViewController.swift */; };
		64F2023C21629F7C00777CC6 /* Main.storyboard in Resources */ = {isa = PBXBuildFile; fileRef = 64F2023A21629F7C00777CC6 /* Main.storyboard */; };
		64F2023E21629F7D00777CC6 /* Assets.xcassets in Resources */ = {isa = PBXBuildFile; fileRef = 64F2023D21629F7D00777CC6 /* Assets.xcassets */; };
		64F2024121629F7D00777CC6 /* LaunchScreen.storyboard in Resources */ = {isa = PBXBuildFile; fileRef = 64F2023F21629F7D00777CC6 /* LaunchScreen.storyboard */; };
		64F202492162BD4900777CC6 /* LoginViewController.swift in Sources */ = {isa = PBXBuildFile; fileRef = 64F202482162BD4900777CC6 /* LoginViewController.swift */; };
		FC0DB0D438968ABBBC6B2774 /* Pods_instagram.framework in Frameworks */ = {isa = PBXBuildFile; fileRef = 92ABC05BDD652BC829D99F7D /* Pods_instagram.framework */; };
/* End PBXBuildFile section */

/* Begin PBXFileReference section */
		64DEA8A121699212008EEA92 /* ComposeViewController.swift */ = {isa = PBXFileReference; lastKnownFileType = sourcecode.swift; path = ComposeViewController.swift; sourceTree = "<group>"; };
		64DEA8A32169AD83008EEA92 /* PhotoMapViewController.swift */ = {isa = PBXFileReference; lastKnownFileType = sourcecode.swift; path = PhotoMapViewController.swift; sourceTree = "<group>"; };
		64DEA8A72169C58A008EEA92 /* Post.swift */ = {isa = PBXFileReference; lastKnownFileType = sourcecode.swift; path = Post.swift; sourceTree = "<group>"; };
		64F2023321629F7C00777CC6 /* instagram.app */ = {isa = PBXFileReference; explicitFileType = wrapper.application; includeInIndex = 0; path = instagram.app; sourceTree = BUILT_PRODUCTS_DIR; };
		64F2023621629F7C00777CC6 /* AppDelegate.swift */ = {isa = PBXFileReference; lastKnownFileType = sourcecode.swift; path = AppDelegate.swift; sourceTree = "<group>"; };
		64F2023821629F7C00777CC6 /* HomeFeedViewController.swift */ = {isa = PBXFileReference; lastKnownFileType = sourcecode.swift; path = HomeFeedViewController.swift; sourceTree = "<group>"; };
		64F2023B21629F7C00777CC6 /* Base */ = {isa = PBXFileReference; lastKnownFileType = file.storyboard; name = Base; path = Base.lproj/Main.storyboard; sourceTree = "<group>"; };
		64F2023D21629F7D00777CC6 /* Assets.xcassets */ = {isa = PBXFileReference; lastKnownFileType = folder.assetcatalog; path = Assets.xcassets; sourceTree = "<group>"; };
		64F2024021629F7D00777CC6 /* Base */ = {isa = PBXFileReference; lastKnownFileType = file.storyboard; name = Base; path = Base.lproj/LaunchScreen.storyboard; sourceTree = "<group>"; };
		64F2024221629F7D00777CC6 /* Info.plist */ = {isa = PBXFileReference; lastKnownFileType = text.plist.xml; path = Info.plist; sourceTree = "<group>"; };
		64F202482162BD4900777CC6 /* LoginViewController.swift */ = {isa = PBXFileReference; lastKnownFileType = sourcecode.swift; path = LoginViewController.swift; sourceTree = "<group>"; };
		92ABC05BDD652BC829D99F7D /* Pods_instagram.framework */ = {isa = PBXFileReference; explicitFileType = wrapper.framework; includeInIndex = 0; path = Pods_instagram.framework; sourceTree = BUILT_PRODUCTS_DIR; };
		C8A6EC0D416EB0B1F7B04E8F /* Pods-instagram.debug.xcconfig */ = {isa = PBXFileReference; includeInIndex = 1; lastKnownFileType = text.xcconfig; name = "Pods-instagram.debug.xcconfig"; path = "Pods/Target Support Files/Pods-instagram/Pods-instagram.debug.xcconfig"; sourceTree = "<group>"; };
		D0A26444A1C714C7CD716492 /* Pods-instagram.release.xcconfig */ = {isa = PBXFileReference; includeInIndex = 1; lastKnownFileType = text.xcconfig; name = "Pods-instagram.release.xcconfig"; path = "Pods/Target Support Files/Pods-instagram/Pods-instagram.release.xcconfig"; sourceTree = "<group>"; };
/* End PBXFileReference section */

/* Begin PBXFrameworksBuildPhase section */
		64F2023021629F7C00777CC6 /* Frameworks */ = {
			isa = PBXFrameworksBuildPhase;
			buildActionMask = 2147483647;
			files = (
				FC0DB0D438968ABBBC6B2774 /* Pods_instagram.framework in Frameworks */,
			);
			runOnlyForDeploymentPostprocessing = 0;
		};
/* End PBXFrameworksBuildPhase section */

/* Begin PBXGroup section */
		64F2022A21629F7B00777CC6 = {
			isa = PBXGroup;
			children = (
				64F2023521629F7C00777CC6 /* instagram */,
				64F2023421629F7C00777CC6 /* Products */,
				9F00C539EA7E373C9E4EDBE8 /* Pods */,
				DF0A1C0477D56395C7962274 /* Frameworks */,
			);
			sourceTree = "<group>";
		};
		64F2023421629F7C00777CC6 /* Products */ = {
			isa = PBXGroup;
			children = (
				64F2023321629F7C00777CC6 /* instagram.app */,
			);
			name = Products;
			sourceTree = "<group>";
		};
		64F2023521629F7C00777CC6 /* instagram */ = {
			isa = PBXGroup;
			children = (
				64F2023621629F7C00777CC6 /* AppDelegate.swift */,
				64F2023821629F7C00777CC6 /* HomeFeedViewController.swift */,
				64F2023A21629F7C00777CC6 /* Main.storyboard */,
				64F2023D21629F7D00777CC6 /* Assets.xcassets */,
				64F2023F21629F7D00777CC6 /* LaunchScreen.storyboard */,
				64F2024221629F7D00777CC6 /* Info.plist */,
				64F202482162BD4900777CC6 /* LoginViewController.swift */,
				64DEA8A121699212008EEA92 /* ComposeViewController.swift */,
				64DEA8A32169AD83008EEA92 /* PhotoMapViewController.swift */,
				64DEA8A72169C58A008EEA92 /* Post.swift */,
			);
			path = instagram;
			sourceTree = "<group>";
		};
		9F00C539EA7E373C9E4EDBE8 /* Pods */ = {
			isa = PBXGroup;
			children = (
				C8A6EC0D416EB0B1F7B04E8F /* Pods-instagram.debug.xcconfig */,
				D0A26444A1C714C7CD716492 /* Pods-instagram.release.xcconfig */,
			);
			name = Pods;
			sourceTree = "<group>";
		};
		DF0A1C0477D56395C7962274 /* Frameworks */ = {
			isa = PBXGroup;
			children = (
				92ABC05BDD652BC829D99F7D /* Pods_instagram.framework */,
			);
			name = Frameworks;
			sourceTree = "<group>";
		};
/* End PBXGroup section */

/* Begin PBXNativeTarget section */
		64F2023221629F7C00777CC6 /* instagram */ = {
			isa = PBXNativeTarget;
			buildConfigurationList = 64F2024521629F7D00777CC6 /* Build configuration list for PBXNativeTarget "instagram" */;
			buildPhases = (
				CC4CD63189044EE168A16E1E /* [CP] Check Pods Manifest.lock */,
				64F2022F21629F7C00777CC6 /* Sources */,
				64F2023021629F7C00777CC6 /* Frameworks */,
				64F2023121629F7C00777CC6 /* Resources */,
				F7D7417D70E702BB03DB3B8C /* [CP] Embed Pods Frameworks */,
			);
			buildRules = (
			);
			dependencies = (
			);
			name = instagram;
			productName = instagram;
			productReference = 64F2023321629F7C00777CC6 /* instagram.app */;
			productType = "com.apple.product-type.application";
		};
/* End PBXNativeTarget section */

/* Begin PBXProject section */
		64F2022B21629F7B00777CC6 /* Project object */ = {
			isa = PBXProject;
			attributes = {
				LastSwiftUpdateCheck = 0940;
				LastUpgradeCheck = 0940;
				ORGANIZATIONNAME = "Chris Q.";
				TargetAttributes = {
					64F2023221629F7C00777CC6 = {
						CreatedOnToolsVersion = 9.4.1;
					};
				};
			};
			buildConfigurationList = 64F2022E21629F7B00777CC6 /* Build configuration list for PBXProject "instagram" */;
			compatibilityVersion = "Xcode 9.3";
			developmentRegion = en;
			hasScannedForEncodings = 0;
			knownRegions = (
				en,
				Base,
			);
			mainGroup = 64F2022A21629F7B00777CC6;
			productRefGroup = 64F2023421629F7C00777CC6 /* Products */;
			projectDirPath = "";
			projectRoot = "";
			targets = (
				64F2023221629F7C00777CC6 /* instagram */,
			);
		};
/* End PBXProject section */

/* Begin PBXResourcesBuildPhase section */
		64F2023121629F7C00777CC6 /* Resources */ = {
			isa = PBXResourcesBuildPhase;
			buildActionMask = 2147483647;
			files = (
				64F2024121629F7D00777CC6 /* LaunchScreen.storyboard in Resources */,
				64F2023E21629F7D00777CC6 /* Assets.xcassets in Resources */,
				64F2023C21629F7C00777CC6 /* Main.storyboard in Resources */,
			);
			runOnlyForDeploymentPostprocessing = 0;
		};
/* End PBXResourcesBuildPhase section */

/* Begin PBXShellScriptBuildPhase section */
		CC4CD63189044EE168A16E1E /* [CP] Check Pods Manifest.lock */ = {
			isa = PBXShellScriptBuildPhase;
			buildActionMask = 2147483647;
			files = (
			);
			inputPaths = (
				"${PODS_PODFILE_DIR_PATH}/Podfile.lock",
				"${PODS_ROOT}/Manifest.lock",
			);
			name = "[CP] Check Pods Manifest.lock";
			outputPaths = (
				"$(DERIVED_FILE_DIR)/Pods-instagram-checkManifestLockResult.txt",
			);
			runOnlyForDeploymentPostprocessing = 0;
			shellPath = /bin/sh;
			shellScript = "diff \"${PODS_PODFILE_DIR_PATH}/Podfile.lock\" \"${PODS_ROOT}/Manifest.lock\" > /dev/null\nif [ $? != 0 ] ; then\n    # print error to STDERR\n    echo \"error: The sandbox is not in sync with the Podfile.lock. Run 'pod install' or update your CocoaPods installation.\" >&2\n    exit 1\nfi\n# This output is used by Xcode 'outputs' to avoid re-running this script phase.\necho \"SUCCESS\" > \"${SCRIPT_OUTPUT_FILE_0}\"\n";
			showEnvVarsInLog = 0;
		};
		F7D7417D70E702BB03DB3B8C /* [CP] Embed Pods Frameworks */ = {
			isa = PBXShellScriptBuildPhase;
			buildActionMask = 2147483647;
			files = (
			);
			inputPaths = (
				"${SRCROOT}/Pods/Target Support Files/Pods-instagram/Pods-instagram-frameworks.sh",
				"${BUILT_PRODUCTS_DIR}/Bolts/Bolts.framework",
				"${BUILT_PRODUCTS_DIR}/Parse/Parse.framework",
			);
			name = "[CP] Embed Pods Frameworks";
			outputPaths = (
				"${TARGET_BUILD_DIR}/${FRAMEWORKS_FOLDER_PATH}/Bolts.framework",
				"${TARGET_BUILD_DIR}/${FRAMEWORKS_FOLDER_PATH}/Parse.framework",
			);
			runOnlyForDeploymentPostprocessing = 0;
			shellPath = /bin/sh;
			shellScript = "\"${SRCROOT}/Pods/Target Support Files/Pods-instagram/Pods-instagram-frameworks.sh\"\n";
			showEnvVarsInLog = 0;
		};
/* End PBXShellScriptBuildPhase section */

/* Begin PBXSourcesBuildPhase section */
		64F2022F21629F7C00777CC6 /* Sources */ = {
			isa = PBXSourcesBuildPhase;
			buildActionMask = 2147483647;
			files = (
				64DEA8A42169AD83008EEA92 /* PhotoMapViewController.swift in Sources */,
				64F202492162BD4900777CC6 /* LoginViewController.swift in Sources */,
				64F2023921629F7C00777CC6 /* HomeFeedViewController.swift in Sources */,
				64DEA8A82169C58A008EEA92 /* Post.swift in Sources */,
				64F2023721629F7C00777CC6 /* AppDelegate.swift in Sources */,
				64DEA8A221699213008EEA92 /* ComposeViewController.swift in Sources */,
			);
			runOnlyForDeploymentPostprocessing = 0;
		};
/* End PBXSourcesBuildPhase section */

/* Begin PBXVariantGroup section */
		64F2023A21629F7C00777CC6 /* Main.storyboard */ = {
			isa = PBXVariantGroup;
			children = (
				64F2023B21629F7C00777CC6 /* Base */,
			);
			name = Main.storyboard;
			sourceTree = "<group>";
		};
		64F2023F21629F7D00777CC6 /* LaunchScreen.storyboard */ = {
			isa = PBXVariantGroup;
			children = (
				64F2024021629F7D00777CC6 /* Base */,
			);
			name = LaunchScreen.storyboard;
			sourceTree = "<group>";
		};
/* End PBXVariantGroup section */

/* Begin XCBuildConfiguration section */
		64F2024321629F7D00777CC6 /* Debug */ = {
			isa = XCBuildConfiguration;
			buildSettings = {
				ALWAYS_SEARCH_USER_PATHS = NO;
				CLANG_ANALYZER_NONNULL = YES;
				CLANG_ANALYZER_NUMBER_OBJECT_CONVERSION = YES_AGGRESSIVE;
				CLANG_CXX_LANGUAGE_STANDARD = "gnu++14";
				CLANG_CXX_LIBRARY = "libc++";
				CLANG_ENABLE_MODULES = YES;
				CLANG_ENABLE_OBJC_ARC = YES;
				CLANG_ENABLE_OBJC_WEAK = YES;
				CLANG_WARN_BLOCK_CAPTURE_AUTORELEASING = YES;
				CLANG_WARN_BOOL_CONVERSION = YES;
				CLANG_WARN_COMMA = YES;
				CLANG_WARN_CONSTANT_CONVERSION = YES;
				CLANG_WARN_DEPRECATED_OBJC_IMPLEMENTATIONS = YES;
				CLANG_WARN_DIRECT_OBJC_ISA_USAGE = YES_ERROR;
				CLANG_WARN_DOCUMENTATION_COMMENTS = YES;
				CLANG_WARN_EMPTY_BODY = YES;
				CLANG_WARN_ENUM_CONVERSION = YES;
				CLANG_WARN_INFINITE_RECURSION = YES;
				CLANG_WARN_INT_CONVERSION = YES;
				CLANG_WARN_NON_LITERAL_NULL_CONVERSION = YES;
				CLANG_WARN_OBJC_IMPLICIT_RETAIN_SELF = YES;
				CLANG_WARN_OBJC_LITERAL_CONVERSION = YES;
				CLANG_WARN_OBJC_ROOT_CLASS = YES_ERROR;
				CLANG_WARN_RANGE_LOOP_ANALYSIS = YES;
				CLANG_WARN_STRICT_PROTOTYPES = YES;
				CLANG_WARN_SUSPICIOUS_MOVE = YES;
				CLANG_WARN_UNGUARDED_AVAILABILITY = YES_AGGRESSIVE;
				CLANG_WARN_UNREACHABLE_CODE = YES;
				CLANG_WARN__DUPLICATE_METHOD_MATCH = YES;
				CODE_SIGN_IDENTITY = "iPhone Developer";
				COPY_PHASE_STRIP = NO;
				DEBUG_INFORMATION_FORMAT = dwarf;
				ENABLE_STRICT_OBJC_MSGSEND = YES;
				ENABLE_TESTABILITY = YES;
				GCC_C_LANGUAGE_STANDARD = gnu11;
				GCC_DYNAMIC_NO_PIC = NO;
				GCC_NO_COMMON_BLOCKS = YES;
				GCC_OPTIMIZATION_LEVEL = 0;
				GCC_PREPROCESSOR_DEFINITIONS = (
					"DEBUG=1",
					"$(inherited)",
				);
				GCC_WARN_64_TO_32_BIT_CONVERSION = YES;
				GCC_WARN_ABOUT_RETURN_TYPE = YES_ERROR;
				GCC_WARN_UNDECLARED_SELECTOR = YES;
				GCC_WARN_UNINITIALIZED_AUTOS = YES_AGGRESSIVE;
				GCC_WARN_UNUSED_FUNCTION = YES;
				GCC_WARN_UNUSED_VARIABLE = YES;
				IPHONEOS_DEPLOYMENT_TARGET = 11.4;
				MTL_ENABLE_DEBUG_INFO = YES;
				ONLY_ACTIVE_ARCH = YES;
				SDKROOT = iphoneos;
				SWIFT_ACTIVE_COMPILATION_CONDITIONS = DEBUG;
				SWIFT_OPTIMIZATION_LEVEL = "-Onone";
			};
			name = Debug;
		};
		64F2024421629F7D00777CC6 /* Release */ = {
			isa = XCBuildConfiguration;
			buildSettings = {
				ALWAYS_SEARCH_USER_PATHS = NO;
				CLANG_ANALYZER_NONNULL = YES;
				CLANG_ANALYZER_NUMBER_OBJECT_CONVERSION = YES_AGGRESSIVE;
				CLANG_CXX_LANGUAGE_STANDARD = "gnu++14";
				CLANG_CXX_LIBRARY = "libc++";
				CLANG_ENABLE_MODULES = YES;
				CLANG_ENABLE_OBJC_ARC = YES;
				CLANG_ENABLE_OBJC_WEAK = YES;
				CLANG_WARN_BLOCK_CAPTURE_AUTORELEASING = YES;
				CLANG_WARN_BOOL_CONVERSION = YES;
				CLANG_WARN_COMMA = YES;
				CLANG_WARN_CONSTANT_CONVERSION = YES;
				CLANG_WARN_DEPRECATED_OBJC_IMPLEMENTATIONS = YES;
				CLANG_WARN_DIRECT_OBJC_ISA_USAGE = YES_ERROR;
				CLANG_WARN_DOCUMENTATION_COMMENTS = YES;
				CLANG_WARN_EMPTY_BODY = YES;
				CLANG_WARN_ENUM_CONVERSION = YES;
				CLANG_WARN_INFINITE_RECURSION = YES;
				CLANG_WARN_INT_CONVERSION = YES;
				CLANG_WARN_NON_LITERAL_NULL_CONVERSION = YES;
				CLANG_WARN_OBJC_IMPLICIT_RETAIN_SELF = YES;
				CLANG_WARN_OBJC_LITERAL_CONVERSION = YES;
				CLANG_WARN_OBJC_ROOT_CLASS = YES_ERROR;
				CLANG_WARN_RANGE_LOOP_ANALYSIS = YES;
				CLANG_WARN_STRICT_PROTOTYPES = YES;
				CLANG_WARN_SUSPICIOUS_MOVE = YES;
				CLANG_WARN_UNGUARDED_AVAILABILITY = YES_AGGRESSIVE;
				CLANG_WARN_UNREACHABLE_CODE = YES;
				CLANG_WARN__DUPLICATE_METHOD_MATCH = YES;
				CODE_SIGN_IDENTITY = "iPhone Developer";
				COPY_PHASE_STRIP = NO;
				DEBUG_INFORMATION_FORMAT = "dwarf-with-dsym";
				ENABLE_NS_ASSERTIONS = NO;
				ENABLE_STRICT_OBJC_MSGSEND = YES;
				GCC_C_LANGUAGE_STANDARD = gnu11;
				GCC_NO_COMMON_BLOCKS = YES;
				GCC_WARN_64_TO_32_BIT_CONVERSION = YES;
				GCC_WARN_ABOUT_RETURN_TYPE = YES_ERROR;
				GCC_WARN_UNDECLARED_SELECTOR = YES;
				GCC_WARN_UNINITIALIZED_AUTOS = YES_AGGRESSIVE;
				GCC_WARN_UNUSED_FUNCTION = YES;
				GCC_WARN_UNUSED_VARIABLE = YES;
				IPHONEOS_DEPLOYMENT_TARGET = 11.4;
				MTL_ENABLE_DEBUG_INFO = NO;
				SDKROOT = iphoneos;
				SWIFT_COMPILATION_MODE = wholemodule;
				SWIFT_OPTIMIZATION_LEVEL = "-O";
				VALIDATE_PRODUCT = YES;
			};
			name = Release;
		};
		64F2024621629F7D00777CC6 /* Debug */ = {
			isa = XCBuildConfiguration;
			baseConfigurationReference = C8A6EC0D416EB0B1F7B04E8F /* Pods-instagram.debug.xcconfig */;
			buildSettings = {
				ASSETCATALOG_COMPILER_APPICON_NAME = AppIcon;
				CODE_SIGN_STYLE = Automatic;
				INFOPLIST_FILE = instagram/Info.plist;
				LD_RUNPATH_SEARCH_PATHS = (
					"$(inherited)",
					"@executable_path/Frameworks",
				);
				PRODUCT_BUNDLE_IDENTIFIER = com.chrisq.instagram;
				PRODUCT_NAME = "$(TARGET_NAME)";
				SWIFT_VERSION = 4.0;
				TARGETED_DEVICE_FAMILY = "1,2";
			};
			name = Debug;
		};
		64F2024721629F7D00777CC6 /* Release */ = {
			isa = XCBuildConfiguration;
			baseConfigurationReference = D0A26444A1C714C7CD716492 /* Pods-instagram.release.xcconfig */;
			buildSettings = {
				ASSETCATALOG_COMPILER_APPICON_NAME = AppIcon;
				CODE_SIGN_STYLE = Automatic;
				INFOPLIST_FILE = instagram/Info.plist;
				LD_RUNPATH_SEARCH_PATHS = (
					"$(inherited)",
					"@executable_path/Frameworks",
				);
				PRODUCT_BUNDLE_IDENTIFIER = com.chrisq.instagram;
				PRODUCT_NAME = "$(TARGET_NAME)";
				SWIFT_VERSION = 4.0;
				TARGETED_DEVICE_FAMILY = "1,2";
			};
			name = Release;
		};
/* End XCBuildConfiguration section */

/* Begin XCConfigurationList section */
		64F2022E21629F7B00777CC6 /* Build configuration list for PBXProject "instagram" */ = {
			isa = XCConfigurationList;
			buildConfigurations = (
				64F2024321629F7D00777CC6 /* Debug */,
				64F2024421629F7D00777CC6 /* Release */,
			);
			defaultConfigurationIsVisible = 0;
			defaultConfigurationName = Release;
		};
		64F2024521629F7D00777CC6 /* Build configuration list for PBXNativeTarget "instagram" */ = {
			isa = XCConfigurationList;
			buildConfigurations = (
				64F2024621629F7D00777CC6 /* Debug */,
				64F2024721629F7D00777CC6 /* Release */,
			);
			defaultConfigurationIsVisible = 0;
			defaultConfigurationName = Release;
		};
/* End XCConfigurationList section */
	};
	rootObject = 64F2022B21629F7B00777CC6 /* Project object */;
}
